// !$*UTF8*$!
{
	archiveVersion = 1;
	classes = {
	};
	objectVersion = 46;
	objects = {

/* Begin PBXBuildFile section */
		2DFE3B4D2C43AC086AC330E9 /* Pods_WorkMate.framework in Frameworks */ = {isa = PBXBuildFile; fileRef = 6BF0E156DA31D86EB6E24A27 /* Pods_WorkMate.framework */; };
		5F074D421C08ED1700B860D4 /* ButtonTableViewCell.swift in Sources */ = {isa = PBXBuildFile; fileRef = 5F074D411C08ED1700B860D4 /* ButtonTableViewCell.swift */; };
		5F074D441C08F20000B860D4 /* MessageUI.framework in Frameworks */ = {isa = PBXBuildFile; fileRef = 5F074D431C08F20000B860D4 /* MessageUI.framework */; };
		5F43A8D51C18264E00370D11 /* SelectMunicipalityViewController.swift in Sources */ = {isa = PBXBuildFile; fileRef = 5F43A8D41C18264E00370D11 /* SelectMunicipalityViewController.swift */; };
		5F92B8021C170080003E0D09 /* TextFieldTableViewCell.swift in Sources */ = {isa = PBXBuildFile; fileRef = 5F92B8011C170080003E0D09 /* TextFieldTableViewCell.swift */; };
		5F987EAB1C026E8D00E8C70D /* LabelTableViewCell.swift in Sources */ = {isa = PBXBuildFile; fileRef = 5F987EAA1C026E8D00E8C70D /* LabelTableViewCell.swift */; };
		5F987EAD1C02727D00E8C70D /* AdHeaderTableViewCell.swift in Sources */ = {isa = PBXBuildFile; fileRef = 5F987EAC1C02727D00E8C70D /* AdHeaderTableViewCell.swift */; };
		5F9ECF8A1C0F9C1D00059A6B /* geoareas.plist in Resources */ = {isa = PBXBuildFile; fileRef = 5F9ECF891C0F9C1D00059A6B /* geoareas.plist */; };
		5F9ECF8C1C0F9D7E00059A6B /* GeographicManager.swift in Sources */ = {isa = PBXBuildFile; fileRef = 5F9ECF8B1C0F9D7E00059A6B /* GeographicManager.swift */; };
		5F9ECF8E1C0F9E1D00059A6B /* GeographicManagerTests.swift in Sources */ = {isa = PBXBuildFile; fileRef = 5F9ECF8D1C0F9E1D00059A6B /* GeographicManagerTests.swift */; };
		5F9ECF901C0FABF800059A6B /* SelectItemsViewController.swift in Sources */ = {isa = PBXBuildFile; fileRef = 5F9ECF8F1C0FABF800059A6B /* SelectItemsViewController.swift */; };
		5FA5F59D1C00F97300F2C1C5 /* matchningslista.json in Resources */ = {isa = PBXBuildFile; fileRef = 5FA5F59C1C00F97300F2C1C5 /* matchningslista.json */; };
		5FA5F59F1C00F9D000F2C1C5 /* MatchningslistaTests.swift in Sources */ = {isa = PBXBuildFile; fileRef = 5FA5F59E1C00F9D000F2C1C5 /* MatchningslistaTests.swift */; };
		5FA5F5A21C00FA4500F2C1C5 /* Matchningslista.swift in Sources */ = {isa = PBXBuildFile; fileRef = 5FA5F5A11C00FA4500F2C1C5 /* Matchningslista.swift */; };
		5FA995C71C0085C700BBDAD3 /* AppDelegate.swift in Sources */ = {isa = PBXBuildFile; fileRef = 5FA995C61C0085C700BBDAD3 /* AppDelegate.swift */; };
		5FA995CC1C0085C700BBDAD3 /* Main.storyboard in Resources */ = {isa = PBXBuildFile; fileRef = 5FA995CA1C0085C700BBDAD3 /* Main.storyboard */; };
		5FA995CE1C0085C700BBDAD3 /* Assets.xcassets in Resources */ = {isa = PBXBuildFile; fileRef = 5FA995CD1C0085C700BBDAD3 /* Assets.xcassets */; };
		5FA995D11C0085C700BBDAD3 /* LaunchScreen.storyboard in Resources */ = {isa = PBXBuildFile; fileRef = 5FA995CF1C0085C700BBDAD3 /* LaunchScreen.storyboard */; };
		5FA995E71C0085C800BBDAD3 /* WorkMateUITests.swift in Sources */ = {isa = PBXBuildFile; fileRef = 5FA995E61C0085C800BBDAD3 /* WorkMateUITests.swift */; };
		5FA995F51C00861600BBDAD3 /* JobListViewController.swift in Sources */ = {isa = PBXBuildFile; fileRef = 5FA995F41C00861600BBDAD3 /* JobListViewController.swift */; };
		5FAA9E1F1C0195900000C57B /* JobSearchQueryTests.swift in Sources */ = {isa = PBXBuildFile; fileRef = 5FAA9E1E1C0195900000C57B /* JobSearchQueryTests.swift */; };
		5FAA9E211C0196380000C57B /* JobSearchQuery.swift in Sources */ = {isa = PBXBuildFile; fileRef = 5FAA9E201C0196380000C57B /* JobSearchQuery.swift */; };
		5FAA9E231C01A0690000C57B /* JobSearchQueryViewController.swift in Sources */ = {isa = PBXBuildFile; fileRef = 5FAA9E221C01A0690000C57B /* JobSearchQueryViewController.swift */; };
		5FAA9E251C01BC0F0000C57B /* matchningslista_nohits.json in Resources */ = {isa = PBXBuildFile; fileRef = 5FAA9E241C01BC0F0000C57B /* matchningslista_nohits.json */; };
		5FAA9E271C01C3E90000C57B /* JobAdViewController.swift in Sources */ = {isa = PBXBuildFile; fileRef = 5FAA9E261C01C3E90000C57B /* JobAdViewController.swift */; };
		5FAA9E2B1C01CBE20000C57B /* PlatsannonsTests.swift in Sources */ = {isa = PBXBuildFile; fileRef = 5FAA9E2A1C01CBE20000C57B /* PlatsannonsTests.swift */; };
		5FAA9E2D1C01CC5A0000C57B /* Platsannons.swift in Sources */ = {isa = PBXBuildFile; fileRef = 5FAA9E2C1C01CC5A0000C57B /* Platsannons.swift */; };
		5FAA9E2F1C01CD620000C57B /* platsannons.json in Resources */ = {isa = PBXBuildFile; fileRef = 5FAA9E2E1C01CD620000C57B /* platsannons.json */; };
		5FFE360D1C0AE28100A98FBE /* AppDelegate.swift in Sources */ = {isa = PBXBuildFile; fileRef = 5FFE360C1C0AE28100A98FBE /* AppDelegate.swift */; };
		5FFE360F1C0AE28100A98FBE /* ViewController.swift in Sources */ = {isa = PBXBuildFile; fileRef = 5FFE360E1C0AE28100A98FBE /* ViewController.swift */; };
		5FFE36121C0AE28100A98FBE /* Main.storyboard in Resources */ = {isa = PBXBuildFile; fileRef = 5FFE36101C0AE28100A98FBE /* Main.storyboard */; };
		5FFE36141C0AE28100A98FBE /* Assets.xcassets in Resources */ = {isa = PBXBuildFile; fileRef = 5FFE36131C0AE28100A98FBE /* Assets.xcassets */; };
		5FFE36171C0AE28100A98FBE /* LaunchScreen.storyboard in Resources */ = {isa = PBXBuildFile; fileRef = 5FFE36151C0AE28100A98FBE /* LaunchScreen.storyboard */; };
/* End PBXBuildFile section */

/* Begin PBXContainerItemProxy section */
		5FA995D81C0085C800BBDAD3 /* PBXContainerItemProxy */ = {
			isa = PBXContainerItemProxy;
			containerPortal = 5FA995BB1C0085C700BBDAD3 /* Project object */;
			proxyType = 1;
			remoteGlobalIDString = 5FA995C21C0085C700BBDAD3;
			remoteInfo = WorkMate;
		};
		5FA995E31C0085C800BBDAD3 /* PBXContainerItemProxy */ = {
			isa = PBXContainerItemProxy;
			containerPortal = 5FA995BB1C0085C700BBDAD3 /* Project object */;
			proxyType = 1;
			remoteGlobalIDString = 5FA995C21C0085C700BBDAD3;
			remoteInfo = WorkMate;
		};
/* End PBXContainerItemProxy section */

/* Begin PBXFileReference section */
		35F4599D5171B5A6D578005D /* Pods-WorkMate.debug.xcconfig */ = {isa = PBXFileReference; includeInIndex = 1; lastKnownFileType = text.xcconfig; name = "Pods-WorkMate.debug.xcconfig"; path = "Pods/Target Support Files/Pods-WorkMate/Pods-WorkMate.debug.xcconfig"; sourceTree = "<group>"; };
		5F074D411C08ED1700B860D4 /* ButtonTableViewCell.swift */ = {isa = PBXFileReference; fileEncoding = 4; lastKnownFileType = sourcecode.swift; path = ButtonTableViewCell.swift; sourceTree = "<group>"; };
		5F074D431C08F20000B860D4 /* MessageUI.framework */ = {isa = PBXFileReference; lastKnownFileType = wrapper.framework; name = MessageUI.framework; path = System/Library/Frameworks/MessageUI.framework; sourceTree = SDKROOT; };
		5F43A8D41C18264E00370D11 /* SelectMunicipalityViewController.swift */ = {isa = PBXFileReference; fileEncoding = 4; lastKnownFileType = sourcecode.swift; path = SelectMunicipalityViewController.swift; sourceTree = "<group>"; };
		5F92B8011C170080003E0D09 /* TextFieldTableViewCell.swift */ = {isa = PBXFileReference; fileEncoding = 4; lastKnownFileType = sourcecode.swift; path = TextFieldTableViewCell.swift; sourceTree = "<group>"; };
		5F987EAA1C026E8D00E8C70D /* LabelTableViewCell.swift */ = {isa = PBXFileReference; fileEncoding = 4; lastKnownFileType = sourcecode.swift; path = LabelTableViewCell.swift; sourceTree = "<group>"; };
		5F987EAC1C02727D00E8C70D /* AdHeaderTableViewCell.swift */ = {isa = PBXFileReference; fileEncoding = 4; lastKnownFileType = sourcecode.swift; path = AdHeaderTableViewCell.swift; sourceTree = "<group>"; };
		5F9ECF891C0F9C1D00059A6B /* geoareas.plist */ = {isa = PBXFileReference; fileEncoding = 4; lastKnownFileType = text.plist.xml; path = geoareas.plist; sourceTree = "<group>"; };
		5F9ECF8B1C0F9D7E00059A6B /* GeographicManager.swift */ = {isa = PBXFileReference; fileEncoding = 4; lastKnownFileType = sourcecode.swift; path = GeographicManager.swift; sourceTree = "<group>"; };
		5F9ECF8D1C0F9E1D00059A6B /* GeographicManagerTests.swift */ = {isa = PBXFileReference; fileEncoding = 4; lastKnownFileType = sourcecode.swift; path = GeographicManagerTests.swift; sourceTree = "<group>"; };
		5F9ECF8F1C0FABF800059A6B /* SelectItemsViewController.swift */ = {isa = PBXFileReference; fileEncoding = 4; lastKnownFileType = sourcecode.swift; path = SelectItemsViewController.swift; sourceTree = "<group>"; };
		5FA5F59C1C00F97300F2C1C5 /* matchningslista.json */ = {isa = PBXFileReference; fileEncoding = 4; lastKnownFileType = text.json; path = matchningslista.json; sourceTree = "<group>"; };
		5FA5F59E1C00F9D000F2C1C5 /* MatchningslistaTests.swift */ = {isa = PBXFileReference; fileEncoding = 4; lastKnownFileType = sourcecode.swift; path = MatchningslistaTests.swift; sourceTree = "<group>"; };
		5FA5F5A11C00FA4500F2C1C5 /* Matchningslista.swift */ = {isa = PBXFileReference; fileEncoding = 4; lastKnownFileType = sourcecode.swift; path = Matchningslista.swift; sourceTree = "<group>"; };
		5FA6214C1C0088C8002F36E0 /* Podfile */ = {isa = PBXFileReference; lastKnownFileType = text; path = Podfile; sourceTree = "<group>"; xcLanguageSpecificationIdentifier = xcode.lang.ruby; };
		5FA88CE71C063DB3005B4AFC /* sv */ = {isa = PBXFileReference; lastKnownFileType = text.plist.strings; name = sv; path = sv.lproj/Main.strings; sourceTree = "<group>"; };
		5FA88CE81C063DB3005B4AFC /* sv */ = {isa = PBXFileReference; lastKnownFileType = text.plist.strings; name = sv; path = sv.lproj/LaunchScreen.strings; sourceTree = "<group>"; };
		5FA995C31C0085C700BBDAD3 /* Lediga arbeten.app */ = {isa = PBXFileReference; explicitFileType = wrapper.application; includeInIndex = 0; path = "Lediga arbeten.app"; sourceTree = BUILT_PRODUCTS_DIR; };
		5FA995C61C0085C700BBDAD3 /* AppDelegate.swift */ = {isa = PBXFileReference; lastKnownFileType = sourcecode.swift; path = AppDelegate.swift; sourceTree = "<group>"; };
		5FA995CB1C0085C700BBDAD3 /* Base */ = {isa = PBXFileReference; lastKnownFileType = file.storyboard; name = Base; path = Base.lproj/Main.storyboard; sourceTree = "<group>"; };
		5FA995CD1C0085C700BBDAD3 /* Assets.xcassets */ = {isa = PBXFileReference; lastKnownFileType = folder.assetcatalog; path = Assets.xcassets; sourceTree = "<group>"; };
		5FA995D01C0085C700BBDAD3 /* Base */ = {isa = PBXFileReference; lastKnownFileType = file.storyboard; name = Base; path = Base.lproj/LaunchScreen.storyboard; sourceTree = "<group>"; };
		5FA995D21C0085C700BBDAD3 /* Info.plist */ = {isa = PBXFileReference; lastKnownFileType = text.plist.xml; path = Info.plist; sourceTree = "<group>"; };
		5FA995D71C0085C800BBDAD3 /* WorkMateTests.xctest */ = {isa = PBXFileReference; explicitFileType = wrapper.cfbundle; includeInIndex = 0; path = WorkMateTests.xctest; sourceTree = BUILT_PRODUCTS_DIR; };
		5FA995DD1C0085C800BBDAD3 /* Info.plist */ = {isa = PBXFileReference; lastKnownFileType = text.plist.xml; path = Info.plist; sourceTree = "<group>"; };
		5FA995E21C0085C800BBDAD3 /* WorkMateUITests.xctest */ = {isa = PBXFileReference; explicitFileType = wrapper.cfbundle; includeInIndex = 0; path = WorkMateUITests.xctest; sourceTree = BUILT_PRODUCTS_DIR; };
		5FA995E61C0085C800BBDAD3 /* WorkMateUITests.swift */ = {isa = PBXFileReference; lastKnownFileType = sourcecode.swift; path = WorkMateUITests.swift; sourceTree = "<group>"; };
		5FA995E81C0085C800BBDAD3 /* Info.plist */ = {isa = PBXFileReference; lastKnownFileType = text.plist.xml; path = Info.plist; sourceTree = "<group>"; };
		5FA995F41C00861600BBDAD3 /* JobListViewController.swift */ = {isa = PBXFileReference; fileEncoding = 4; lastKnownFileType = sourcecode.swift; path = JobListViewController.swift; sourceTree = "<group>"; };
		5FAA9E1E1C0195900000C57B /* JobSearchQueryTests.swift */ = {isa = PBXFileReference; fileEncoding = 4; lastKnownFileType = sourcecode.swift; path = JobSearchQueryTests.swift; sourceTree = "<group>"; };
		5FAA9E201C0196380000C57B /* JobSearchQuery.swift */ = {isa = PBXFileReference; fileEncoding = 4; lastKnownFileType = sourcecode.swift; path = JobSearchQuery.swift; sourceTree = "<group>"; };
		5FAA9E221C01A0690000C57B /* JobSearchQueryViewController.swift */ = {isa = PBXFileReference; fileEncoding = 4; lastKnownFileType = sourcecode.swift; path = JobSearchQueryViewController.swift; sourceTree = "<group>"; };
		5FAA9E241C01BC0F0000C57B /* matchningslista_nohits.json */ = {isa = PBXFileReference; fileEncoding = 4; lastKnownFileType = text.json; path = matchningslista_nohits.json; sourceTree = "<group>"; };
		5FAA9E261C01C3E90000C57B /* JobAdViewController.swift */ = {isa = PBXFileReference; fileEncoding = 4; lastKnownFileType = sourcecode.swift; path = JobAdViewController.swift; sourceTree = "<group>"; };
		5FAA9E2A1C01CBE20000C57B /* PlatsannonsTests.swift */ = {isa = PBXFileReference; fileEncoding = 4; lastKnownFileType = sourcecode.swift; path = PlatsannonsTests.swift; sourceTree = "<group>"; };
		5FAA9E2C1C01CC5A0000C57B /* Platsannons.swift */ = {isa = PBXFileReference; fileEncoding = 4; lastKnownFileType = sourcecode.swift; path = Platsannons.swift; sourceTree = "<group>"; };
		5FAA9E2E1C01CD620000C57B /* platsannons.json */ = {isa = PBXFileReference; fileEncoding = 4; lastKnownFileType = text.json; path = platsannons.json; sourceTree = "<group>"; };
		5FFE360A1C0AE28100A98FBE /* DataCollector.app */ = {isa = PBXFileReference; explicitFileType = wrapper.application; includeInIndex = 0; path = DataCollector.app; sourceTree = BUILT_PRODUCTS_DIR; };
		5FFE360C1C0AE28100A98FBE /* AppDelegate.swift */ = {isa = PBXFileReference; lastKnownFileType = sourcecode.swift; path = AppDelegate.swift; sourceTree = "<group>"; };
		5FFE360E1C0AE28100A98FBE /* ViewController.swift */ = {isa = PBXFileReference; lastKnownFileType = sourcecode.swift; path = ViewController.swift; sourceTree = "<group>"; };
		5FFE36111C0AE28100A98FBE /* Base */ = {isa = PBXFileReference; lastKnownFileType = file.storyboard; name = Base; path = Base.lproj/Main.storyboard; sourceTree = "<group>"; };
		5FFE36131C0AE28100A98FBE /* Assets.xcassets */ = {isa = PBXFileReference; lastKnownFileType = folder.assetcatalog; path = Assets.xcassets; sourceTree = "<group>"; };
		5FFE36161C0AE28100A98FBE /* Base */ = {isa = PBXFileReference; lastKnownFileType = file.storyboard; name = Base; path = Base.lproj/LaunchScreen.storyboard; sourceTree = "<group>"; };
		5FFE36181C0AE28100A98FBE /* Info.plist */ = {isa = PBXFileReference; lastKnownFileType = text.plist.xml; path = Info.plist; sourceTree = "<group>"; };
		6BF0E156DA31D86EB6E24A27 /* Pods_WorkMate.framework */ = {isa = PBXFileReference; explicitFileType = wrapper.framework; includeInIndex = 0; path = Pods_WorkMate.framework; sourceTree = BUILT_PRODUCTS_DIR; };
		7210551137A271012CEEEF90 /* Pods-WorkMate.release.xcconfig */ = {isa = PBXFileReference; includeInIndex = 1; lastKnownFileType = text.xcconfig; name = "Pods-WorkMate.release.xcconfig"; path = "Pods/Target Support Files/Pods-WorkMate/Pods-WorkMate.release.xcconfig"; sourceTree = "<group>"; };
/* End PBXFileReference section */

/* Begin PBXFrameworksBuildPhase section */
		5FA995C01C0085C700BBDAD3 /* Frameworks */ = {
			isa = PBXFrameworksBuildPhase;
			buildActionMask = 2147483647;
			files = (
				5F074D441C08F20000B860D4 /* MessageUI.framework in Frameworks */,
				2DFE3B4D2C43AC086AC330E9 /* Pods_WorkMate.framework in Frameworks */,
			);
			runOnlyForDeploymentPostprocessing = 0;
		};
		5FA995D41C0085C800BBDAD3 /* Frameworks */ = {
			isa = PBXFrameworksBuildPhase;
			buildActionMask = 2147483647;
			files = (
			);
			runOnlyForDeploymentPostprocessing = 0;
		};
		5FA995DF1C0085C800BBDAD3 /* Frameworks */ = {
			isa = PBXFrameworksBuildPhase;
			buildActionMask = 2147483647;
			files = (
			);
			runOnlyForDeploymentPostprocessing = 0;
		};
		5FFE36071C0AE28100A98FBE /* Frameworks */ = {
			isa = PBXFrameworksBuildPhase;
			buildActionMask = 2147483647;
			files = (
			);
			runOnlyForDeploymentPostprocessing = 0;
		};
/* End PBXFrameworksBuildPhase section */

/* Begin PBXGroup section */
		1CD9635735460ABE3F6C1F76 /* Frameworks */ = {
			isa = PBXGroup;
			children = (
				5F074D431C08F20000B860D4 /* MessageUI.framework */,
				6BF0E156DA31D86EB6E24A27 /* Pods_WorkMate.framework */,
			);
			name = Frameworks;
			sourceTree = "<group>";
		};
		5FA5F59B1C00F94C00F2C1C5 /* Resources */ = {
			isa = PBXGroup;
			children = (
				5FAA9E241C01BC0F0000C57B /* matchningslista_nohits.json */,
				5FA5F59C1C00F97300F2C1C5 /* matchningslista.json */,
				5FAA9E2E1C01CD620000C57B /* platsannons.json */,
			);
			name = Resources;
			sourceTree = "<group>";
		};
		5FA5F5A01C00FA2C00F2C1C5 /* AFKit */ = {
			isa = PBXGroup;
			children = (
				5F9ECF891C0F9C1D00059A6B /* geoareas.plist */,
				5FA5F5A11C00FA4500F2C1C5 /* Matchningslista.swift */,
				5FAA9E201C0196380000C57B /* JobSearchQuery.swift */,
				5FAA9E2C1C01CC5A0000C57B /* Platsannons.swift */,
				5F9ECF8B1C0F9D7E00059A6B /* GeographicManager.swift */,
			);
			name = AFKit;
			sourceTree = "<group>";
		};
		5FA995BA1C0085C700BBDAD3 = {
			isa = PBXGroup;
			children = (
				5FA6214C1C0088C8002F36E0 /* Podfile */,
				5FA995C51C0085C700BBDAD3 /* WorkMate */,
				5FA995DA1C0085C800BBDAD3 /* WorkMateTests */,
				5FA995E51C0085C800BBDAD3 /* WorkMateUITests */,
				5FFE360B1C0AE28100A98FBE /* DataCollector */,
				5FA995C41C0085C700BBDAD3 /* Products */,
				E9EC83E935E8A1544DCD4AED /* Pods */,
				1CD9635735460ABE3F6C1F76 /* Frameworks */,
			);
			sourceTree = "<group>";
		};
		5FA995C41C0085C700BBDAD3 /* Products */ = {
			isa = PBXGroup;
			children = (
				5FA995C31C0085C700BBDAD3 /* Lediga arbeten.app */,
				5FA995D71C0085C800BBDAD3 /* WorkMateTests.xctest */,
				5FA995E21C0085C800BBDAD3 /* WorkMateUITests.xctest */,
				5FFE360A1C0AE28100A98FBE /* DataCollector.app */,
			);
			name = Products;
			sourceTree = "<group>";
		};
		5FA995C51C0085C700BBDAD3 /* WorkMate */ = {
			isa = PBXGroup;
			children = (
				5FA5F5A01C00FA2C00F2C1C5 /* AFKit */,
				5FA995C61C0085C700BBDAD3 /* AppDelegate.swift */,
				5FA995CA1C0085C700BBDAD3 /* Main.storyboard */,
				5FA995CD1C0085C700BBDAD3 /* Assets.xcassets */,
				5FA995CF1C0085C700BBDAD3 /* LaunchScreen.storyboard */,
				5FA995D21C0085C700BBDAD3 /* Info.plist */,
				5FA995F41C00861600BBDAD3 /* JobListViewController.swift */,
				5FAA9E221C01A0690000C57B /* JobSearchQueryViewController.swift */,
				5FAA9E261C01C3E90000C57B /* JobAdViewController.swift */,
				5F987EAA1C026E8D00E8C70D /* LabelTableViewCell.swift */,
				5F987EAC1C02727D00E8C70D /* AdHeaderTableViewCell.swift */,
				5F074D411C08ED1700B860D4 /* ButtonTableViewCell.swift */,
				5F9ECF8F1C0FABF800059A6B /* SelectItemsViewController.swift */,
				5F92B8011C170080003E0D09 /* TextFieldTableViewCell.swift */,
				5F43A8D41C18264E00370D11 /* SelectMunicipalityViewController.swift */,
			);
			path = WorkMate;
			sourceTree = "<group>";
		};
		5FA995DA1C0085C800BBDAD3 /* WorkMateTests */ = {
			isa = PBXGroup;
			children = (
				5FA5F59B1C00F94C00F2C1C5 /* Resources */,
				5FA995DD1C0085C800BBDAD3 /* Info.plist */,
				5FA5F59E1C00F9D000F2C1C5 /* MatchningslistaTests.swift */,
				5FAA9E1E1C0195900000C57B /* JobSearchQueryTests.swift */,
				5FAA9E2A1C01CBE20000C57B /* PlatsannonsTests.swift */,
				5F9ECF8D1C0F9E1D00059A6B /* GeographicManagerTests.swift */,
			);
			path = WorkMateTests;
			sourceTree = "<group>";
		};
		5FA995E51C0085C800BBDAD3 /* WorkMateUITests */ = {
			isa = PBXGroup;
			children = (
				5FA995E61C0085C800BBDAD3 /* WorkMateUITests.swift */,
				5FA995E81C0085C800BBDAD3 /* Info.plist */,
			);
			path = WorkMateUITests;
			sourceTree = "<group>";
		};
		5FFE360B1C0AE28100A98FBE /* DataCollector */ = {
			isa = PBXGroup;
			children = (
				5FFE360C1C0AE28100A98FBE /* AppDelegate.swift */,
				5FFE360E1C0AE28100A98FBE /* ViewController.swift */,
				5FFE36101C0AE28100A98FBE /* Main.storyboard */,
				5FFE36131C0AE28100A98FBE /* Assets.xcassets */,
				5FFE36151C0AE28100A98FBE /* LaunchScreen.storyboard */,
				5FFE36181C0AE28100A98FBE /* Info.plist */,
			);
			path = DataCollector;
			sourceTree = "<group>";
		};
		E9EC83E935E8A1544DCD4AED /* Pods */ = {
			isa = PBXGroup;
			children = (
				35F4599D5171B5A6D578005D /* Pods-WorkMate.debug.xcconfig */,
				7210551137A271012CEEEF90 /* Pods-WorkMate.release.xcconfig */,
			);
			name = Pods;
			sourceTree = "<group>";
		};
/* End PBXGroup section */

/* Begin PBXNativeTarget section */
		5FA995C21C0085C700BBDAD3 /* WorkMate */ = {
			isa = PBXNativeTarget;
			buildConfigurationList = 5FA995EB1C0085C800BBDAD3 /* Build configuration list for PBXNativeTarget "WorkMate" */;
			buildPhases = (
				E9C28E0247D0751AEA58DF47 /* Check Pods Manifest.lock */,
				5FA995BF1C0085C700BBDAD3 /* Sources */,
				5FA995C01C0085C700BBDAD3 /* Frameworks */,
				5FA995C11C0085C700BBDAD3 /* Resources */,
				181781E8FF930987053FB88C /* Embed Pods Frameworks */,
				69A567ADB061F2B284F2AAC2 /* Copy Pods Resources */,
			);
			buildRules = (
			);
			dependencies = (
			);
			name = WorkMate;
			productName = WorkMate;
			productReference = 5FA995C31C0085C700BBDAD3 /* Lediga arbeten.app */;
			productType = "com.apple.product-type.application";
		};
		5FA995D61C0085C800BBDAD3 /* WorkMateTests */ = {
			isa = PBXNativeTarget;
			buildConfigurationList = 5FA995EE1C0085C800BBDAD3 /* Build configuration list for PBXNativeTarget "WorkMateTests" */;
			buildPhases = (
				5FA995D31C0085C800BBDAD3 /* Sources */,
				5FA995D41C0085C800BBDAD3 /* Frameworks */,
				5FA995D51C0085C800BBDAD3 /* Resources */,
			);
			buildRules = (
			);
			dependencies = (
				5FA995D91C0085C800BBDAD3 /* PBXTargetDependency */,
			);
			name = WorkMateTests;
			productName = WorkMateTests;
			productReference = 5FA995D71C0085C800BBDAD3 /* WorkMateTests.xctest */;
			productType = "com.apple.product-type.bundle.unit-test";
		};
		5FA995E11C0085C800BBDAD3 /* WorkMateUITests */ = {
			isa = PBXNativeTarget;
			buildConfigurationList = 5FA995F11C0085C800BBDAD3 /* Build configuration list for PBXNativeTarget "WorkMateUITests" */;
			buildPhases = (
				5FA995DE1C0085C800BBDAD3 /* Sources */,
				5FA995DF1C0085C800BBDAD3 /* Frameworks */,
				5FA995E01C0085C800BBDAD3 /* Resources */,
			);
			buildRules = (
			);
			dependencies = (
				5FA995E41C0085C800BBDAD3 /* PBXTargetDependency */,
			);
			name = WorkMateUITests;
			productName = WorkMateUITests;
			productReference = 5FA995E21C0085C800BBDAD3 /* WorkMateUITests.xctest */;
			productType = "com.apple.product-type.bundle.ui-testing";
		};
		5FFE36091C0AE28100A98FBE /* DataCollector */ = {
			isa = PBXNativeTarget;
			buildConfigurationList = 5FFE361B1C0AE28100A98FBE /* Build configuration list for PBXNativeTarget "DataCollector" */;
			buildPhases = (
				5FFE36061C0AE28100A98FBE /* Sources */,
				5FFE36071C0AE28100A98FBE /* Frameworks */,
				5FFE36081C0AE28100A98FBE /* Resources */,
			);
			buildRules = (
			);
			dependencies = (
			);
			name = DataCollector;
			productName = DataCollector;
			productReference = 5FFE360A1C0AE28100A98FBE /* DataCollector.app */;
			productType = "com.apple.product-type.application";
		};
/* End PBXNativeTarget section */

/* Begin PBXProject section */
		5FA995BB1C0085C700BBDAD3 /* Project object */ = {
			isa = PBXProject;
			attributes = {
				LastSwiftUpdateCheck = 0710;
				LastUpgradeCheck = 0710;
				ORGANIZATIONNAME = "in2objects AB";
				TargetAttributes = {
					5FA995C21C0085C700BBDAD3 = {
						CreatedOnToolsVersion = 7.1;
						DevelopmentTeam = F7RFDTA3UC;
					};
					5FA995D61C0085C800BBDAD3 = {
						CreatedOnToolsVersion = 7.1;
						TestTargetID = 5FA995C21C0085C700BBDAD3;
					};
					5FA995E11C0085C800BBDAD3 = {
						CreatedOnToolsVersion = 7.1;
						TestTargetID = 5FA995C21C0085C700BBDAD3;
					};
					5FFE36091C0AE28100A98FBE = {
						CreatedOnToolsVersion = 7.1.1;
					};
				};
			};
			buildConfigurationList = 5FA995BE1C0085C700BBDAD3 /* Build configuration list for PBXProject "WorkMate" */;
			compatibilityVersion = "Xcode 3.2";
			developmentRegion = English;
			hasScannedForEncodings = 0;
			knownRegions = (
				Base,
			);
			mainGroup = 5FA995BA1C0085C700BBDAD3;
			productRefGroup = 5FA995C41C0085C700BBDAD3 /* Products */;
			projectDirPath = "";
			projectRoot = "";
			targets = (
				5FA995C21C0085C700BBDAD3 /* WorkMate */,
				5FA995D61C0085C800BBDAD3 /* WorkMateTests */,
				5FA995E11C0085C800BBDAD3 /* WorkMateUITests */,
				5FFE36091C0AE28100A98FBE /* DataCollector */,
			);
		};
/* End PBXProject section */

/* Begin PBXResourcesBuildPhase section */
		5FA995C11C0085C700BBDAD3 /* Resources */ = {
			isa = PBXResourcesBuildPhase;
			buildActionMask = 2147483647;
			files = (
				5FA995D11C0085C700BBDAD3 /* LaunchScreen.storyboard in Resources */,
				5FA995CE1C0085C700BBDAD3 /* Assets.xcassets in Resources */,
				5FA995CC1C0085C700BBDAD3 /* Main.storyboard in Resources */,
				5F9ECF8A1C0F9C1D00059A6B /* geoareas.plist in Resources */,
			);
			runOnlyForDeploymentPostprocessing = 0;
		};
		5FA995D51C0085C800BBDAD3 /* Resources */ = {
			isa = PBXResourcesBuildPhase;
			buildActionMask = 2147483647;
			files = (
				5FAA9E251C01BC0F0000C57B /* matchningslista_nohits.json in Resources */,
				5FA5F59D1C00F97300F2C1C5 /* matchningslista.json in Resources */,
				5FAA9E2F1C01CD620000C57B /* platsannons.json in Resources */,
			);
			runOnlyForDeploymentPostprocessing = 0;
		};
		5FA995E01C0085C800BBDAD3 /* Resources */ = {
			isa = PBXResourcesBuildPhase;
			buildActionMask = 2147483647;
			files = (
			);
			runOnlyForDeploymentPostprocessing = 0;
		};
		5FFE36081C0AE28100A98FBE /* Resources */ = {
			isa = PBXResourcesBuildPhase;
			buildActionMask = 2147483647;
			files = (
				5FFE36171C0AE28100A98FBE /* LaunchScreen.storyboard in Resources */,
				5FFE36141C0AE28100A98FBE /* Assets.xcassets in Resources */,
				5FFE36121C0AE28100A98FBE /* Main.storyboard in Resources */,
			);
			runOnlyForDeploymentPostprocessing = 0;
		};
/* End PBXResourcesBuildPhase section */

/* Begin PBXShellScriptBuildPhase section */
		181781E8FF930987053FB88C /* Embed Pods Frameworks */ = {
			isa = PBXShellScriptBuildPhase;
			buildActionMask = 2147483647;
			files = (
			);
			inputPaths = (
			);
			name = "Embed Pods Frameworks";
			outputPaths = (
			);
			runOnlyForDeploymentPostprocessing = 0;
			shellPath = /bin/sh;
			shellScript = "\"${SRCROOT}/Pods/Target Support Files/Pods-WorkMate/Pods-WorkMate-frameworks.sh\"\n";
			showEnvVarsInLog = 0;
		};
		69A567ADB061F2B284F2AAC2 /* Copy Pods Resources */ = {
			isa = PBXShellScriptBuildPhase;
			buildActionMask = 2147483647;
			files = (
			);
			inputPaths = (
			);
			name = "Copy Pods Resources";
			outputPaths = (
			);
			runOnlyForDeploymentPostprocessing = 0;
			shellPath = /bin/sh;
			shellScript = "\"${SRCROOT}/Pods/Target Support Files/Pods-WorkMate/Pods-WorkMate-resources.sh\"\n";
			showEnvVarsInLog = 0;
		};
		E9C28E0247D0751AEA58DF47 /* Check Pods Manifest.lock */ = {
			isa = PBXShellScriptBuildPhase;
			buildActionMask = 2147483647;
			files = (
			);
			inputPaths = (
			);
			name = "Check Pods Manifest.lock";
			outputPaths = (
			);
			runOnlyForDeploymentPostprocessing = 0;
			shellPath = /bin/sh;
			shellScript = "diff \"${PODS_ROOT}/../Podfile.lock\" \"${PODS_ROOT}/Manifest.lock\" > /dev/null\nif [[ $? != 0 ]] ; then\n    cat << EOM\nerror: The sandbox is not in sync with the Podfile.lock. Run 'pod install' or update your CocoaPods installation.\nEOM\n    exit 1\nfi\n";
			showEnvVarsInLog = 0;
		};
/* End PBXShellScriptBuildPhase section */

/* Begin PBXSourcesBuildPhase section */
		5FA995BF1C0085C700BBDAD3 /* Sources */ = {
			isa = PBXSourcesBuildPhase;
			buildActionMask = 2147483647;
			files = (
				5FAA9E231C01A0690000C57B /* JobSearchQueryViewController.swift in Sources */,
				5F987EAD1C02727D00E8C70D /* AdHeaderTableViewCell.swift in Sources */,
				5FA5F5A21C00FA4500F2C1C5 /* Matchningslista.swift in Sources */,
				5FA995F51C00861600BBDAD3 /* JobListViewController.swift in Sources */,
				5F9ECF8C1C0F9D7E00059A6B /* GeographicManager.swift in Sources */,
				5FAA9E211C0196380000C57B /* JobSearchQuery.swift in Sources */,
				5F92B8021C170080003E0D09 /* TextFieldTableViewCell.swift in Sources */,
				5FAA9E2D1C01CC5A0000C57B /* Platsannons.swift in Sources */,
				5FA995C71C0085C700BBDAD3 /* AppDelegate.swift in Sources */,
				5F074D421C08ED1700B860D4 /* ButtonTableViewCell.swift in Sources */,
				5F987EAB1C026E8D00E8C70D /* LabelTableViewCell.swift in Sources */,
				5FAA9E271C01C3E90000C57B /* JobAdViewController.swift in Sources */,
				5F43A8D51C18264E00370D11 /* SelectMunicipalityViewController.swift in Sources */,
				5F9ECF901C0FABF800059A6B /* SelectItemsViewController.swift in Sources */,
			);
			runOnlyForDeploymentPostprocessing = 0;
		};
		5FA995D31C0085C800BBDAD3 /* Sources */ = {
			isa = PBXSourcesBuildPhase;
			buildActionMask = 2147483647;
			files = (
				5FAA9E1F1C0195900000C57B /* JobSearchQueryTests.swift in Sources */,
				5FA5F59F1C00F9D000F2C1C5 /* MatchningslistaTests.swift in Sources */,
				5F9ECF8E1C0F9E1D00059A6B /* GeographicManagerTests.swift in Sources */,
				5FAA9E2B1C01CBE20000C57B /* PlatsannonsTests.swift in Sources */,
			);
			runOnlyForDeploymentPostprocessing = 0;
		};
		5FA995DE1C0085C800BBDAD3 /* Sources */ = {
			isa = PBXSourcesBuildPhase;
			buildActionMask = 2147483647;
			files = (
				5FA995E71C0085C800BBDAD3 /* WorkMateUITests.swift in Sources */,
			);
			runOnlyForDeploymentPostprocessing = 0;
		};
		5FFE36061C0AE28100A98FBE /* Sources */ = {
			isa = PBXSourcesBuildPhase;
			buildActionMask = 2147483647;
			files = (
				5FFE360F1C0AE28100A98FBE /* ViewController.swift in Sources */,
				5FFE360D1C0AE28100A98FBE /* AppDelegate.swift in Sources */,
			);
			runOnlyForDeploymentPostprocessing = 0;
		};
/* End PBXSourcesBuildPhase section */

/* Begin PBXTargetDependency section */
		5FA995D91C0085C800BBDAD3 /* PBXTargetDependency */ = {
			isa = PBXTargetDependency;
			target = 5FA995C21C0085C700BBDAD3 /* WorkMate */;
			targetProxy = 5FA995D81C0085C800BBDAD3 /* PBXContainerItemProxy */;
		};
		5FA995E41C0085C800BBDAD3 /* PBXTargetDependency */ = {
			isa = PBXTargetDependency;
			target = 5FA995C21C0085C700BBDAD3 /* WorkMate */;
			targetProxy = 5FA995E31C0085C800BBDAD3 /* PBXContainerItemProxy */;
		};
/* End PBXTargetDependency section */

/* Begin PBXVariantGroup section */
		5FA995CA1C0085C700BBDAD3 /* Main.storyboard */ = {
			isa = PBXVariantGroup;
			children = (
				5FA995CB1C0085C700BBDAD3 /* Base */,
				5FA88CE71C063DB3005B4AFC /* sv */,
			);
			name = Main.storyboard;
			sourceTree = "<group>";
		};
		5FA995CF1C0085C700BBDAD3 /* LaunchScreen.storyboard */ = {
			isa = PBXVariantGroup;
			children = (
				5FA995D01C0085C700BBDAD3 /* Base */,
				5FA88CE81C063DB3005B4AFC /* sv */,
			);
			name = LaunchScreen.storyboard;
			sourceTree = "<group>";
		};
		5FFE36101C0AE28100A98FBE /* Main.storyboard */ = {
			isa = PBXVariantGroup;
			children = (
				5FFE36111C0AE28100A98FBE /* Base */,
			);
			name = Main.storyboard;
			sourceTree = "<group>";
		};
		5FFE36151C0AE28100A98FBE /* LaunchScreen.storyboard */ = {
			isa = PBXVariantGroup;
			children = (
				5FFE36161C0AE28100A98FBE /* Base */,
			);
			name = LaunchScreen.storyboard;
			sourceTree = "<group>";
		};
/* End PBXVariantGroup section */

/* Begin XCBuildConfiguration section */
		5FA995E91C0085C800BBDAD3 /* Debug */ = {
			isa = XCBuildConfiguration;
			buildSettings = {
				ALWAYS_SEARCH_USER_PATHS = NO;
				CLANG_CXX_LANGUAGE_STANDARD = "gnu++0x";
				CLANG_CXX_LIBRARY = "libc++";
				CLANG_ENABLE_MODULES = YES;
				CLANG_ENABLE_OBJC_ARC = YES;
				CLANG_WARN_BOOL_CONVERSION = YES;
				CLANG_WARN_CONSTANT_CONVERSION = YES;
				CLANG_WARN_DIRECT_OBJC_ISA_USAGE = YES_ERROR;
				CLANG_WARN_EMPTY_BODY = YES;
				CLANG_WARN_ENUM_CONVERSION = YES;
				CLANG_WARN_INT_CONVERSION = YES;
				CLANG_WARN_OBJC_ROOT_CLASS = YES_ERROR;
				CLANG_WARN_UNREACHABLE_CODE = YES;
				CLANG_WARN__DUPLICATE_METHOD_MATCH = YES;
				"CODE_SIGN_IDENTITY[sdk=iphoneos*]" = "iPhone Developer";
				COPY_PHASE_STRIP = NO;
				CURRENT_PROJECT_VERSION = 2;
				DEBUG_INFORMATION_FORMAT = dwarf;
				ENABLE_STRICT_OBJC_MSGSEND = YES;
				ENABLE_TESTABILITY = YES;
				GCC_C_LANGUAGE_STANDARD = gnu99;
				GCC_DYNAMIC_NO_PIC = NO;
				GCC_NO_COMMON_BLOCKS = YES;
				GCC_OPTIMIZATION_LEVEL = 0;
				GCC_PREPROCESSOR_DEFINITIONS = (
					"DEBUG=1",
					"$(inherited)",
				);
				GCC_WARN_64_TO_32_BIT_CONVERSION = YES;
				GCC_WARN_ABOUT_RETURN_TYPE = YES_ERROR;
				GCC_WARN_UNDECLARED_SELECTOR = YES;
				GCC_WARN_UNINITIALIZED_AUTOS = YES_AGGRESSIVE;
				GCC_WARN_UNUSED_FUNCTION = YES;
				GCC_WARN_UNUSED_VARIABLE = YES;
				IPHONEOS_DEPLOYMENT_TARGET = 9.1;
				MTL_ENABLE_DEBUG_INFO = YES;
				ONLY_ACTIVE_ARCH = YES;
				SDKROOT = iphoneos;
				SWIFT_OPTIMIZATION_LEVEL = "-Onone";
				TARGETED_DEVICE_FAMILY = "1,2";
				VERSIONING_SYSTEM = "apple-generic";
			};
			name = Debug;
		};
		5FA995EA1C0085C800BBDAD3 /* Release */ = {
			isa = XCBuildConfiguration;
			buildSettings = {
				ALWAYS_SEARCH_USER_PATHS = NO;
				CLANG_CXX_LANGUAGE_STANDARD = "gnu++0x";
				CLANG_CXX_LIBRARY = "libc++";
				CLANG_ENABLE_MODULES = YES;
				CLANG_ENABLE_OBJC_ARC = YES;
				CLANG_WARN_BOOL_CONVERSION = YES;
				CLANG_WARN_CONSTANT_CONVERSION = YES;
				CLANG_WARN_DIRECT_OBJC_ISA_USAGE = YES_ERROR;
				CLANG_WARN_EMPTY_BODY = YES;
				CLANG_WARN_ENUM_CONVERSION = YES;
				CLANG_WARN_INT_CONVERSION = YES;
				CLANG_WARN_OBJC_ROOT_CLASS = YES_ERROR;
				CLANG_WARN_UNREACHABLE_CODE = YES;
				CLANG_WARN__DUPLICATE_METHOD_MATCH = YES;
				"CODE_SIGN_IDENTITY[sdk=iphoneos*]" = "iPhone Developer";
				COPY_PHASE_STRIP = NO;
				CURRENT_PROJECT_VERSION = 2;
				DEBUG_INFORMATION_FORMAT = "dwarf-with-dsym";
				ENABLE_NS_ASSERTIONS = NO;
				ENABLE_STRICT_OBJC_MSGSEND = YES;
				GCC_C_LANGUAGE_STANDARD = gnu99;
				GCC_NO_COMMON_BLOCKS = YES;
				GCC_WARN_64_TO_32_BIT_CONVERSION = YES;
				GCC_WARN_ABOUT_RETURN_TYPE = YES_ERROR;
				GCC_WARN_UNDECLARED_SELECTOR = YES;
				GCC_WARN_UNINITIALIZED_AUTOS = YES_AGGRESSIVE;
				GCC_WARN_UNUSED_FUNCTION = YES;
				GCC_WARN_UNUSED_VARIABLE = YES;
				IPHONEOS_DEPLOYMENT_TARGET = 9.1;
				MTL_ENABLE_DEBUG_INFO = NO;
				SDKROOT = iphoneos;
				TARGETED_DEVICE_FAMILY = "1,2";
				VALIDATE_PRODUCT = YES;
				VERSIONING_SYSTEM = "apple-generic";
			};
			name = Release;
		};
		5FA995EC1C0085C800BBDAD3 /* Debug */ = {
			isa = XCBuildConfiguration;
			baseConfigurationReference = 35F4599D5171B5A6D578005D /* Pods-WorkMate.debug.xcconfig */;
			buildSettings = {
				ASSETCATALOG_COMPILER_APPICON_NAME = AppIcon;
				CODE_SIGN_IDENTITY = "iPhone Developer";
				"CODE_SIGN_IDENTITY[sdk=iphoneos*]" = "iPhone Developer";
				INFOPLIST_FILE = WorkMate/Info.plist;
				LD_RUNPATH_SEARCH_PATHS = "$(inherited) @executable_path/Frameworks";
				PRODUCT_BUNDLE_IDENTIFIER = com.in2objects.WorkMate;
				PRODUCT_NAME = "Lediga arbeten";
				PROVISIONING_PROFILE = "";
			};
			name = Debug;
		};
		5FA995ED1C0085C800BBDAD3 /* Release */ = {
			isa = XCBuildConfiguration;
			baseConfigurationReference = 7210551137A271012CEEEF90 /* Pods-WorkMate.release.xcconfig */;
			buildSettings = {
				ASSETCATALOG_COMPILER_APPICON_NAME = AppIcon;
				CODE_SIGN_IDENTITY = "iPhone Developer";
				"CODE_SIGN_IDENTITY[sdk=iphoneos*]" = "iPhone Developer";
				INFOPLIST_FILE = WorkMate/Info.plist;
				LD_RUNPATH_SEARCH_PATHS = "$(inherited) @executable_path/Frameworks";
				PRODUCT_BUNDLE_IDENTIFIER = com.in2objects.WorkMate;
				PRODUCT_NAME = "Lediga arbeten";
				PROVISIONING_PROFILE = "";
			};
			name = Release;
		};
		5FA995EF1C0085C800BBDAD3 /* Debug */ = {
			isa = XCBuildConfiguration;
			buildSettings = {
				BUNDLE_LOADER = "$(TEST_HOST)";
				INFOPLIST_FILE = WorkMateTests/Info.plist;
				LD_RUNPATH_SEARCH_PATHS = "$(inherited) @executable_path/Frameworks @loader_path/Frameworks";
				PRODUCT_BUNDLE_IDENTIFIER = com.in2objects.WorkMateTests;
				PRODUCT_NAME = "$(TARGET_NAME)";
				TEST_HOST = "$(BUILT_PRODUCTS_DIR)/Lediga arbeten.app/Lediga arbeten";
			};
			name = Debug;
		};
		5FA995F01C0085C800BBDAD3 /* Release */ = {
			isa = XCBuildConfiguration;
			buildSettings = {
				BUNDLE_LOADER = "$(TEST_HOST)";
				INFOPLIST_FILE = WorkMateTests/Info.plist;
				LD_RUNPATH_SEARCH_PATHS = "$(inherited) @executable_path/Frameworks @loader_path/Frameworks";
				PRODUCT_BUNDLE_IDENTIFIER = com.in2objects.WorkMateTests;
				PRODUCT_NAME = "$(TARGET_NAME)";
				TEST_HOST = "$(BUILT_PRODUCTS_DIR)/Lediga arbeten.app/Lediga arbeten";
			};
			name = Release;
		};
		5FA995F21C0085C800BBDAD3 /* Debug */ = {
			isa = XCBuildConfiguration;
			buildSettings = {
				INFOPLIST_FILE = WorkMateUITests/Info.plist;
				LD_RUNPATH_SEARCH_PATHS = "$(inherited) @executable_path/Frameworks @loader_path/Frameworks";
				PRODUCT_BUNDLE_IDENTIFIER = com.in2objects.WorkMateUITests;
				PRODUCT_NAME = "$(TARGET_NAME)";
				TEST_TARGET_NAME = WorkMate;
				USES_XCTRUNNER = YES;
			};
			name = Debug;
		};
		5FA995F31C0085C800BBDAD3 /* Release */ = {
			isa = XCBuildConfiguration;
			buildSettings = {
				INFOPLIST_FILE = WorkMateUITests/Info.plist;
				LD_RUNPATH_SEARCH_PATHS = "$(inherited) @executable_path/Frameworks @loader_path/Frameworks";
				PRODUCT_BUNDLE_IDENTIFIER = com.in2objects.WorkMateUITests;
				PRODUCT_NAME = "$(TARGET_NAME)";
				TEST_TARGET_NAME = WorkMate;
				USES_XCTRUNNER = YES;
			};
			name = Release;
		};
		5FFE36191C0AE28100A98FBE /* Debug */ = {
			isa = XCBuildConfiguration;
			buildSettings = {
				ASSETCATALOG_COMPILER_APPICON_NAME = AppIcon;
				INFOPLIST_FILE = DataCollector/Info.plist;
				LD_RUNPATH_SEARCH_PATHS = "$(inherited) @executable_path/Frameworks";
				PRODUCT_BUNDLE_IDENTIFIER = com.in2objects.DataCollector;
				PRODUCT_NAME = "$(TARGET_NAME)";
			};
			name = Debug;
		};
		5FFE361A1C0AE28100A98FBE /* Release */ = {
			isa = XCBuildConfiguration;
			buildSettings = {
				ASSETCATALOG_COMPILER_APPICON_NAME = AppIcon;
				INFOPLIST_FILE = DataCollector/Info.plist;
				LD_RUNPATH_SEARCH_PATHS = "$(inherited) @executable_path/Frameworks";
				PRODUCT_BUNDLE_IDENTIFIER = com.in2objects.DataCollector;
				PRODUCT_NAME = "$(TARGET_NAME)";
			};
			name = Release;
		};
/* End XCBuildConfiguration section */

/* Begin XCConfigurationList section */
		5FA995BE1C0085C700BBDAD3 /* Build configuration list for PBXProject "WorkMate" */ = {
			isa = XCConfigurationList;
			buildConfigurations = (
				5FA995E91C0085C800BBDAD3 /* Debug */,
				5FA995EA1C0085C800BBDAD3 /* Release */,
			);
			defaultConfigurationIsVisible = 0;
			defaultConfigurationName = Release;
		};
		5FA995EB1C0085C800BBDAD3 /* Build configuration list for PBXNativeTarget "WorkMate" */ = {
			isa = XCConfigurationList;
			buildConfigurations = (
				5FA995EC1C0085C800BBDAD3 /* Debug */,
				5FA995ED1C0085C800BBDAD3 /* Release */,
			);
			defaultConfigurationIsVisible = 0;
			defaultConfigurationName = Release;
		};
		5FA995EE1C0085C800BBDAD3 /* Build configuration list for PBXNativeTarget "WorkMateTests" */ = {
			isa = XCConfigurationList;
			buildConfigurations = (
				5FA995EF1C0085C800BBDAD3 /* Debug */,
				5FA995F01C0085C800BBDAD3 /* Release */,
			);
			defaultConfigurationIsVisible = 0;
			defaultConfigurationName = Release;
		};
		5FA995F11C0085C800BBDAD3 /* Build configuration list for PBXNativeTarget "WorkMateUITests" */ = {
			isa = XCConfigurationList;
			buildConfigurations = (
				5FA995F21C0085C800BBDAD3 /* Debug */,
				5FA995F31C0085C800BBDAD3 /* Release */,
			);
			defaultConfigurationIsVisible = 0;
			defaultConfigurationName = Release;
		};
		5FFE361B1C0AE28100A98FBE /* Build configuration list for PBXNativeTarget "DataCollector" */ = {
			isa = XCConfigurationList;
			buildConfigurations = (
				5FFE36191C0AE28100A98FBE /* Debug */,
				5FFE361A1C0AE28100A98FBE /* Release */,
			);
			defaultConfigurationIsVisible = 0;
			defaultConfigurationName = Release;
		};
/* End XCConfigurationList section */
	};
	rootObject = 5FA995BB1C0085C700BBDAD3 /* Project object */;
}
